
Microsoft Visual Studio Solution File, Format Version 12.00
# Visual Studio Version 16
VisualStudioVersion = 16.0.29519.87
MinimumVisualStudioVersion = 10.0.40219.1
Project("{FAE04EC0-301F-11D3-BF4B-00C04F79EFBC}") = "TaskExamples", "TaskExamples\TaskExamples.csproj", "{F03BC4BE-B30F-4DE4-9F6D-B1DDDBC26552}"
EndProject
Global
	GlobalSection(SolutionConfigurationPlatforms) = preSolution
		Debug|Any CPU = Debug|Any CPU
		Release|Any CPU = Release|Any CPU
	EndGlobalSection
	GlobalSection(ProjectConfigurationPlatforms) = postSolution
		{F03BC4BE-B30F-4DE4-9F6D-B1DDDBC26552}.Debug|Any CPU.ActiveCfg = Debug|Any CPU
		{F03BC4BE-B30F-4DE4-9F6D-B1DDDBC26552}.Debug|Any CPU.Build.0 = Debug|Any CPU
		{F03BC4BE-B30F-4DE4-9F6D-B1DDDBC26552}.Release|Any CPU.ActiveCfg = Release|Any CPU
		{F03BC4BE-B30F-4DE4-9F6D-B1DDDBC26552}.Release|Any CPU.Build.0 = Release|Any CPU
	EndGlobalSection
	GlobalSection(SolutionProperties) = preSolution
		HideSolutionNode = FALSE
	EndGlobalSection
	GlobalSection(ExtensibilityGlobals) = postSolution
		SolutionGuid = {B36D9C21-C46F-4DB0-A85C-C3D64C1D5B21}
	EndGlobalSection
EndGlobal
