
Microsoft Visual Studio Solution File, Format Version 12.00
# Visual Studio 15
VisualStudioVersion = 15.0.27703.2042
MinimumVisualStudioVersion = 10.0.40219.1
Project("{FAE04EC0-301F-11D3-BF4B-00C04F79EFBC}") = "ScreenSaver", "ScreenSaver\ScreenSaver.csproj", "{8712D962-EEF3-4862-9304-212C1FA1CEDD}"
EndProject
Global
	GlobalSection(SolutionConfigurationPlatforms) = preSolution
		Debug|Any CPU = Debug|Any CPU
		Release|Any CPU = Release|Any CPU
	EndGlobalSection
	GlobalSection(ProjectConfigurationPlatforms) = postSolution
		{8712D962-EEF3-4862-9304-212C1FA1CEDD}.Debug|Any CPU.ActiveCfg = Debug|Any CPU
		{8712D962-EEF3-4862-9304-212C1FA1CEDD}.Debug|Any CPU.Build.0 = Debug|Any CPU
		{8712D962-EEF3-4862-9304-212C1FA1CEDD}.Release|Any CPU.ActiveCfg = Release|Any CPU
		{8712D962-EEF3-4862-9304-212C1FA1CEDD}.Release|Any CPU.Build.0 = Release|Any CPU
	EndGlobalSection
	GlobalSection(SolutionProperties) = preSolution
		HideSolutionNode = FALSE
	EndGlobalSection
	GlobalSection(ExtensibilityGlobals) = postSolution
		SolutionGuid = {041AB721-7E2D-45A6-8F2C-5AFF830EABAD}
	EndGlobalSection
EndGlobal
